
Microsoft Visual Studio Solution File, Format Version 12.00
# Visual Studio 15
VisualStudioVersion = 15.0.27130.2027
MinimumVisualStudioVersion = 10.0.40219.1
Project("{FAE04EC0-301F-11D3-BF4B-00C04F79EFBC}") = "Origin.Net", "Origin.Net\Origin.Net.csproj", "{F7BBC66C-4B15-4C13-8BE5-FCBCEAB6DEEE}"
EndProject
Global
	GlobalSection(SolutionConfigurationPlatforms) = preSolution
		Debug|Any CPU = Debug|Any CPU
		Release|Any CPU = Release|Any CPU
	EndGlobalSection
	GlobalSection(ProjectConfigurationPlatforms) = postSolution
		{F7BBC66C-4B15-4C13-8BE5-FCBCEAB6DEEE}.Debug|Any CPU.ActiveCfg = Debug|Any CPU
		{F7BBC66C-4B15-4C13-8BE5-FCBCEAB6DEEE}.Debug|Any CPU.Build.0 = Debug|Any CPU
		{F7BBC66C-4B15-4C13-8BE5-FCBCEAB6DEEE}.Release|Any CPU.ActiveCfg = Release|Any CPU
		{F7BBC66C-4B15-4C13-8BE5-FCBCEAB6DEEE}.Release|Any CPU.Build.0 = Release|Any CPU
	EndGlobalSection
	GlobalSection(SolutionProperties) = preSolution
		HideSolutionNode = FALSE
	EndGlobalSection
	GlobalSection(ExtensibilityGlobals) = postSolution
		SolutionGuid = {DC2A3D98-54F7-40AA-A70D-60BA400C85A0}
	EndGlobalSection
EndGlobal
